
Microsoft Visual Studio Solution File, Format Version 12.00
# Visual Studio Version 17
VisualStudioVersion = 17.8.34322.80
MinimumVisualStudioVersion = 10.0.40219.1
Project("{FAE04EC0-301F-11D3-BF4B-00C04F79EFBC}") = "DAY 3", "DAY 3\DAY 3.csproj", "{3C111F4B-3C06-4C88-9675-E97D5835917F}"
EndProject
Global
	GlobalSection(SolutionConfigurationPlatforms) = preSolution
		Debug|Any CPU = Debug|Any CPU
		Release|Any CPU = Release|Any CPU
	EndGlobalSection
	GlobalSection(ProjectConfigurationPlatforms) = postSolution
		{3C111F4B-3C06-4C88-9675-E97D5835917F}.Debug|Any CPU.ActiveCfg = Debug|Any CPU
		{3C111F4B-3C06-4C88-9675-E97D5835917F}.Debug|Any CPU.Build.0 = Debug|Any CPU
		{3C111F4B-3C06-4C88-9675-E97D5835917F}.Release|Any CPU.ActiveCfg = Release|Any CPU
		{3C111F4B-3C06-4C88-9675-E97D5835917F}.Release|Any CPU.Build.0 = Release|Any CPU
	EndGlobalSection
	GlobalSection(SolutionProperties) = preSolution
		HideSolutionNode = FALSE
	EndGlobalSection
	GlobalSection(ExtensibilityGlobals) = postSolution
		SolutionGuid = {51B4F643-681A-48F1-A9CE-4F0FDEA70C3B}
	EndGlobalSection
EndGlobal
